// !$*UTF8*$!
{
	archiveVersion = 1;
	classes = {
	};
	objectVersion = 56;
	objects = {

/* Begin PBXBuildFile section */
		9C8E82BA2A0A5D94002981A7 /* API.swift in Sources */ = {isa = PBXBuildFile; fileRef = 9C8E82B92A0A5D94002981A7 /* API.swift */; };
		9C8E82BD2A0A607D002981A7 /* UITextField+AddSpaceBeforeText.swift in Sources */ = {isa = PBXBuildFile; fileRef = 9C8E82BC2A0A607D002981A7 /* UITextField+AddSpaceBeforeText.swift */; };
		9CCCBE622A0556B30004E7AC /* AppDelegate.swift in Sources */ = {isa = PBXBuildFile; fileRef = 9CCCBE612A0556B30004E7AC /* AppDelegate.swift */; };
		9CCCBE642A0556B30004E7AC /* SceneDelegate.swift in Sources */ = {isa = PBXBuildFile; fileRef = 9CCCBE632A0556B30004E7AC /* SceneDelegate.swift */; };
		9CCCBE662A0556B30004E7AC /* SearchViewController.swift in Sources */ = {isa = PBXBuildFile; fileRef = 9CCCBE652A0556B30004E7AC /* SearchViewController.swift */; };
		9CCCBE6C2A0556B30004E7AC /* GitHubSearcher.xcdatamodeld in Sources */ = {isa = PBXBuildFile; fileRef = 9CCCBE6A2A0556B30004E7AC /* GitHubSearcher.xcdatamodeld */; };
		9CCCBE6E2A0556B40004E7AC /* Assets.xcassets in Resources */ = {isa = PBXBuildFile; fileRef = 9CCCBE6D2A0556B40004E7AC /* Assets.xcassets */; };
		9CCCBE712A0556B40004E7AC /* LaunchScreen.storyboard in Resources */ = {isa = PBXBuildFile; fileRef = 9CCCBE6F2A0556B40004E7AC /* LaunchScreen.storyboard */; };
		9CCCBE7A2A055A770004E7AC /* SnapKit in Frameworks */ = {isa = PBXBuildFile; productRef = 9CCCBE792A055A770004E7AC /* SnapKit */; };
		9CCCBE832A08EF2A0004E7AC /* Alamofire in Frameworks */ = {isa = PBXBuildFile; productRef = 9CCCBE822A08EF2A0004E7AC /* Alamofire */; };
		9CCCBE8B2A08FF400004E7AC /* RepositoryResponse.swift in Sources */ = {isa = PBXBuildFile; fileRef = 9CCCBE8A2A08FF400004E7AC /* RepositoryResponse.swift */; };
		9CCCBE942A0927150004E7AC /* DetailViewController.swift in Sources */ = {isa = PBXBuildFile; fileRef = 9CCCBE932A0927150004E7AC /* DetailViewController.swift */; };
		9CCCBE9E2A094E370004E7AC /* CoreDataManager.swift in Sources */ = {isa = PBXBuildFile; fileRef = 9CCCBE9D2A094E370004E7AC /* CoreDataManager.swift */; };
		9CCCBEA02A09571D0004E7AC /* FavoritesViewController.swift in Sources */ = {isa = PBXBuildFile; fileRef = 9CCCBE9F2A09571D0004E7AC /* FavoritesViewController.swift */; };
		9CCCBEA32A095A8F0004E7AC /* RepositoryEntity+CoreDataClass.swift in Sources */ = {isa = PBXBuildFile; fileRef = 9CCCBEA12A095A8F0004E7AC /* RepositoryEntity+CoreDataClass.swift */; };
		9CCCBEA42A095A8F0004E7AC /* RepositoryEntity+CoreDataProperties.swift in Sources */ = {isa = PBXBuildFile; fileRef = 9CCCBEA22A095A8F0004E7AC /* RepositoryEntity+CoreDataProperties.swift */; };
		9CCCBEA62A095BC50004E7AC /* MainTabBarViewController.swift in Sources */ = {isa = PBXBuildFile; fileRef = 9CCCBEA52A095BC50004E7AC /* MainTabBarViewController.swift */; };
		9CCCBEA82A096BC50004E7AC /* NetworkManager.swift in Sources */ = {isa = PBXBuildFile; fileRef = 9CCCBEA72A096BC50004E7AC /* NetworkManager.swift */; };
/* End PBXBuildFile section */

/* Begin PBXFileReference section */
		9C8E82B92A0A5D94002981A7 /* API.swift */ = {isa = PBXFileReference; lastKnownFileType = sourcecode.swift; path = API.swift; sourceTree = "<group>"; };
		9C8E82BC2A0A607D002981A7 /* UITextField+AddSpaceBeforeText.swift */ = {isa = PBXFileReference; lastKnownFileType = sourcecode.swift; path = "UITextField+AddSpaceBeforeText.swift"; sourceTree = "<group>"; };
		9CCCBE5E2A0556B30004E7AC /* GitHubSearcher.app */ = {isa = PBXFileReference; explicitFileType = wrapper.application; includeInIndex = 0; path = GitHubSearcher.app; sourceTree = BUILT_PRODUCTS_DIR; };
		9CCCBE612A0556B30004E7AC /* AppDelegate.swift */ = {isa = PBXFileReference; lastKnownFileType = sourcecode.swift; path = AppDelegate.swift; sourceTree = "<group>"; };
		9CCCBE632A0556B30004E7AC /* SceneDelegate.swift */ = {isa = PBXFileReference; lastKnownFileType = sourcecode.swift; path = SceneDelegate.swift; sourceTree = "<group>"; };
		9CCCBE652A0556B30004E7AC /* SearchViewController.swift */ = {isa = PBXFileReference; lastKnownFileType = sourcecode.swift; path = SearchViewController.swift; sourceTree = "<group>"; };
		9CCCBE6B2A0556B30004E7AC /* GitHubSearcher.xcdatamodel */ = {isa = PBXFileReference; lastKnownFileType = wrapper.xcdatamodel; path = GitHubSearcher.xcdatamodel; sourceTree = "<group>"; };
		9CCCBE6D2A0556B40004E7AC /* Assets.xcassets */ = {isa = PBXFileReference; lastKnownFileType = folder.assetcatalog; path = Assets.xcassets; sourceTree = "<group>"; };
		9CCCBE702A0556B40004E7AC /* Base */ = {isa = PBXFileReference; lastKnownFileType = file.storyboard; name = Base; path = Base.lproj/LaunchScreen.storyboard; sourceTree = "<group>"; };
		9CCCBE722A0556B40004E7AC /* Info.plist */ = {isa = PBXFileReference; lastKnownFileType = text.plist.xml; path = Info.plist; sourceTree = "<group>"; };
		9CCCBE8A2A08FF400004E7AC /* RepositoryResponse.swift */ = {isa = PBXFileReference; lastKnownFileType = sourcecode.swift; path = RepositoryResponse.swift; sourceTree = "<group>"; };
		9CCCBE932A0927150004E7AC /* DetailViewController.swift */ = {isa = PBXFileReference; lastKnownFileType = sourcecode.swift; path = DetailViewController.swift; sourceTree = "<group>"; };
		9CCCBE9D2A094E370004E7AC /* CoreDataManager.swift */ = {isa = PBXFileReference; lastKnownFileType = sourcecode.swift; path = CoreDataManager.swift; sourceTree = "<group>"; };
		9CCCBE9F2A09571D0004E7AC /* FavoritesViewController.swift */ = {isa = PBXFileReference; lastKnownFileType = sourcecode.swift; path = FavoritesViewController.swift; sourceTree = "<group>"; };
		9CCCBEA12A095A8F0004E7AC /* RepositoryEntity+CoreDataClass.swift */ = {isa = PBXFileReference; lastKnownFileType = sourcecode.swift; path = "RepositoryEntity+CoreDataClass.swift"; sourceTree = "<group>"; };
		9CCCBEA22A095A8F0004E7AC /* RepositoryEntity+CoreDataProperties.swift */ = {isa = PBXFileReference; lastKnownFileType = sourcecode.swift; path = "RepositoryEntity+CoreDataProperties.swift"; sourceTree = "<group>"; };
		9CCCBEA52A095BC50004E7AC /* MainTabBarViewController.swift */ = {isa = PBXFileReference; lastKnownFileType = sourcecode.swift; path = MainTabBarViewController.swift; sourceTree = "<group>"; };
		9CCCBEA72A096BC50004E7AC /* NetworkManager.swift */ = {isa = PBXFileReference; lastKnownFileType = sourcecode.swift; path = NetworkManager.swift; sourceTree = "<group>"; };
/* End PBXFileReference section */

/* Begin PBXFrameworksBuildPhase section */
		9CCCBE5B2A0556B30004E7AC /* Frameworks */ = {
			isa = PBXFrameworksBuildPhase;
			buildActionMask = 2147483647;
			files = (
				9CCCBE7A2A055A770004E7AC /* SnapKit in Frameworks */,
				9CCCBE832A08EF2A0004E7AC /* Alamofire in Frameworks */,
			);
			runOnlyForDeploymentPostprocessing = 0;
		};
/* End PBXFrameworksBuildPhase section */

/* Begin PBXGroup section */
		9C8E82BB2A0A6042002981A7 /* Extensions */ = {
			isa = PBXGroup;
			children = (
				9C8E82BC2A0A607D002981A7 /* UITextField+AddSpaceBeforeText.swift */,
			);
			path = Extensions;
			sourceTree = "<group>";
		};
		9C8E82BE2A0A6225002981A7 /* Application */ = {
			isa = PBXGroup;
			children = (
				9CCCBE612A0556B30004E7AC /* AppDelegate.swift */,
				9CCCBE632A0556B30004E7AC /* SceneDelegate.swift */,
			);
			path = Application;
			sourceTree = "<group>";
		};
		9C8E82BF2A0A6236002981A7 /* Support */ = {
			isa = PBXGroup;
			children = (
				9CCCBE6D2A0556B40004E7AC /* Assets.xcassets */,
				9CCCBE6F2A0556B40004E7AC /* LaunchScreen.storyboard */,
			);
			path = Support;
			sourceTree = "<group>";
		};
		9CCCBE552A0556B30004E7AC = {
			isa = PBXGroup;
			children = (
				9CCCBE602A0556B30004E7AC /* GitHubSearcher */,
				9CCCBE5F2A0556B30004E7AC /* Products */,
			);
			sourceTree = "<group>";
		};
		9CCCBE5F2A0556B30004E7AC /* Products */ = {
			isa = PBXGroup;
			children = (
				9CCCBE5E2A0556B30004E7AC /* GitHubSearcher.app */,
			);
			name = Products;
			sourceTree = "<group>";
		};
		9CCCBE602A0556B30004E7AC /* GitHubSearcher */ = {
			isa = PBXGroup;
			children = (
				9CCCBE722A0556B40004E7AC /* Info.plist */,
				9C8E82BE2A0A6225002981A7 /* Application */,
				9CCCBE992A094CD20004E7AC /* Service */,
				9CCCBE8F2A091AB50004E7AC /* ViewController */,
				9CCCBE8E2A091A9D0004E7AC /* Model */,
				9C8E82BB2A0A6042002981A7 /* Extensions */,
				9C8E82BF2A0A6236002981A7 /* Support */,
			);
			path = GitHubSearcher;
			sourceTree = "<group>";
		};
		9CCCBE8E2A091A9D0004E7AC /* Model */ = {
			isa = PBXGroup;
			children = (
				9CCCBE8A2A08FF400004E7AC /* RepositoryResponse.swift */,
				9CCCBEA12A095A8F0004E7AC /* RepositoryEntity+CoreDataClass.swift */,
				9CCCBEA22A095A8F0004E7AC /* RepositoryEntity+CoreDataProperties.swift */,
				9CCCBE6A2A0556B30004E7AC /* GitHubSearcher.xcdatamodeld */,
			);
			path = Model;
			sourceTree = "<group>";
		};
		9CCCBE8F2A091AB50004E7AC /* ViewController */ = {
			isa = PBXGroup;
			children = (
				9CCCBE652A0556B30004E7AC /* SearchViewController.swift */,
				9CCCBE932A0927150004E7AC /* DetailViewController.swift */,
				9CCCBE9F2A09571D0004E7AC /* FavoritesViewController.swift */,
				9CCCBEA52A095BC50004E7AC /* MainTabBarViewController.swift */,
			);
			path = ViewController;
			sourceTree = "<group>";
		};
		9CCCBE992A094CD20004E7AC /* Service */ = {
			isa = PBXGroup;
			children = (
				9CCCBE9D2A094E370004E7AC /* CoreDataManager.swift */,
				9CCCBEA72A096BC50004E7AC /* NetworkManager.swift */,
				9C8E82B92A0A5D94002981A7 /* API.swift */,
			);
			path = Service;
			sourceTree = "<group>";
		};
/* End PBXGroup section */

/* Begin PBXNativeTarget section */
		9CCCBE5D2A0556B30004E7AC /* GitHubSearcher */ = {
			isa = PBXNativeTarget;
			buildConfigurationList = 9CCCBE752A0556B40004E7AC /* Build configuration list for PBXNativeTarget "GitHubSearcher" */;
			buildPhases = (
				9CCCBE5A2A0556B30004E7AC /* Sources */,
				9CCCBE5B2A0556B30004E7AC /* Frameworks */,
				9CCCBE5C2A0556B30004E7AC /* Resources */,
			);
			buildRules = (
			);
			dependencies = (
			);
			name = GitHubSearcher;
			packageProductDependencies = (
				9CCCBE792A055A770004E7AC /* SnapKit */,
				9CCCBE822A08EF2A0004E7AC /* Alamofire */,
			);
			productName = GitHubSearcher;
			productReference = 9CCCBE5E2A0556B30004E7AC /* GitHubSearcher.app */;
			productType = "com.apple.product-type.application";
		};
/* End PBXNativeTarget section */

/* Begin PBXProject section */
		9CCCBE562A0556B30004E7AC /* Project object */ = {
			isa = PBXProject;
			attributes = {
				BuildIndependentTargetsInParallel = 1;
				LastSwiftUpdateCheck = 1430;
				LastUpgradeCheck = 1430;
				TargetAttributes = {
					9CCCBE5D2A0556B30004E7AC = {
						CreatedOnToolsVersion = 14.3;
					};
				};
			};
			buildConfigurationList = 9CCCBE592A0556B30004E7AC /* Build configuration list for PBXProject "GitHubSearcher" */;
			compatibilityVersion = "Xcode 14.0";
			developmentRegion = en;
			hasScannedForEncodings = 0;
			knownRegions = (
				en,
				Base,
			);
			mainGroup = 9CCCBE552A0556B30004E7AC;
			packageReferences = (
				9CCCBE782A055A770004E7AC /* XCRemoteSwiftPackageReference "SnapKit" */,
				9CCCBE812A08EF2A0004E7AC /* XCRemoteSwiftPackageReference "Alamofire" */,
			);
			productRefGroup = 9CCCBE5F2A0556B30004E7AC /* Products */;
			projectDirPath = "";
			projectRoot = "";
			targets = (
				9CCCBE5D2A0556B30004E7AC /* GitHubSearcher */,
			);
		};
/* End PBXProject section */

/* Begin PBXResourcesBuildPhase section */
		9CCCBE5C2A0556B30004E7AC /* Resources */ = {
			isa = PBXResourcesBuildPhase;
			buildActionMask = 2147483647;
			files = (
				9CCCBE712A0556B40004E7AC /* LaunchScreen.storyboard in Resources */,
				9CCCBE6E2A0556B40004E7AC /* Assets.xcassets in Resources */,
			);
			runOnlyForDeploymentPostprocessing = 0;
		};
/* End PBXResourcesBuildPhase section */

/* Begin PBXSourcesBuildPhase section */
		9CCCBE5A2A0556B30004E7AC /* Sources */ = {
			isa = PBXSourcesBuildPhase;
			buildActionMask = 2147483647;
			files = (
				9CCCBEA82A096BC50004E7AC /* NetworkManager.swift in Sources */,
				9CCCBEA42A095A8F0004E7AC /* RepositoryEntity+CoreDataProperties.swift in Sources */,
				9CCCBE662A0556B30004E7AC /* SearchViewController.swift in Sources */,
				9CCCBE622A0556B30004E7AC /* AppDelegate.swift in Sources */,
				9CCCBEA62A095BC50004E7AC /* MainTabBarViewController.swift in Sources */,
				9CCCBEA32A095A8F0004E7AC /* RepositoryEntity+CoreDataClass.swift in Sources */,
				9CCCBEA02A09571D0004E7AC /* FavoritesViewController.swift in Sources */,
				9CCCBE642A0556B30004E7AC /* SceneDelegate.swift in Sources */,
				9C8E82BA2A0A5D94002981A7 /* API.swift in Sources */,
				9CCCBE942A0927150004E7AC /* DetailViewController.swift in Sources */,
				9C8E82BD2A0A607D002981A7 /* UITextField+AddSpaceBeforeText.swift in Sources */,
				9CCCBE8B2A08FF400004E7AC /* RepositoryResponse.swift in Sources */,
				9CCCBE9E2A094E370004E7AC /* CoreDataManager.swift in Sources */,
				9CCCBE6C2A0556B30004E7AC /* GitHubSearcher.xcdatamodeld in Sources */,
			);
			runOnlyForDeploymentPostprocessing = 0;
		};
/* End PBXSourcesBuildPhase section */

/* Begin PBXVariantGroup section */
		9CCCBE6F2A0556B40004E7AC /* LaunchScreen.storyboard */ = {
			isa = PBXVariantGroup;
			children = (
				9CCCBE702A0556B40004E7AC /* Base */,
			);
			name = LaunchScreen.storyboard;
			sourceTree = "<group>";
		};
/* End PBXVariantGroup section */

/* Begin XCBuildConfiguration section */
		9CCCBE732A0556B40004E7AC /* Debug */ = {
			isa = XCBuildConfiguration;
			buildSettings = {
				ALWAYS_SEARCH_USER_PATHS = NO;
				CLANG_ANALYZER_NONNULL = YES;
				CLANG_ANALYZER_NUMBER_OBJECT_CONVERSION = YES_AGGRESSIVE;
				CLANG_CXX_LANGUAGE_STANDARD = "gnu++20";
				CLANG_ENABLE_MODULES = YES;
				CLANG_ENABLE_OBJC_ARC = YES;
				CLANG_ENABLE_OBJC_WEAK = YES;
				CLANG_WARN_BLOCK_CAPTURE_AUTORELEASING = YES;
				CLANG_WARN_BOOL_CONVERSION = YES;
				CLANG_WARN_COMMA = YES;
				CLANG_WARN_CONSTANT_CONVERSION = YES;
				CLANG_WARN_DEPRECATED_OBJC_IMPLEMENTATIONS = YES;
				CLANG_WARN_DIRECT_OBJC_ISA_USAGE = YES_ERROR;
				CLANG_WARN_DOCUMENTATION_COMMENTS = YES;
				CLANG_WARN_EMPTY_BODY = YES;
				CLANG_WARN_ENUM_CONVERSION = YES;
				CLANG_WARN_INFINITE_RECURSION = YES;
				CLANG_WARN_INT_CONVERSION = YES;
				CLANG_WARN_NON_LITERAL_NULL_CONVERSION = YES;
				CLANG_WARN_OBJC_IMPLICIT_RETAIN_SELF = YES;
				CLANG_WARN_OBJC_LITERAL_CONVERSION = YES;
				CLANG_WARN_OBJC_ROOT_CLASS = YES_ERROR;
				CLANG_WARN_QUOTED_INCLUDE_IN_FRAMEWORK_HEADER = YES;
				CLANG_WARN_RANGE_LOOP_ANALYSIS = YES;
				CLANG_WARN_STRICT_PROTOTYPES = YES;
				CLANG_WARN_SUSPICIOUS_MOVE = YES;
				CLANG_WARN_UNGUARDED_AVAILABILITY = YES_AGGRESSIVE;
				CLANG_WARN_UNREACHABLE_CODE = YES;
				CLANG_WARN__DUPLICATE_METHOD_MATCH = YES;
				COPY_PHASE_STRIP = NO;
				DEBUG_INFORMATION_FORMAT = dwarf;
				ENABLE_STRICT_OBJC_MSGSEND = YES;
				ENABLE_TESTABILITY = YES;
				GCC_C_LANGUAGE_STANDARD = gnu11;
				GCC_DYNAMIC_NO_PIC = NO;
				GCC_NO_COMMON_BLOCKS = YES;
				GCC_OPTIMIZATION_LEVEL = 0;
				GCC_PREPROCESSOR_DEFINITIONS = (
					"DEBUG=1",
					"$(inherited)",
				);
				GCC_WARN_64_TO_32_BIT_CONVERSION = YES;
				GCC_WARN_ABOUT_RETURN_TYPE = YES_ERROR;
				GCC_WARN_UNDECLARED_SELECTOR = YES;
				GCC_WARN_UNINITIALIZED_AUTOS = YES_AGGRESSIVE;
				GCC_WARN_UNUSED_FUNCTION = YES;
				GCC_WARN_UNUSED_VARIABLE = YES;
				IPHONEOS_DEPLOYMENT_TARGET = 16.4;
				MTL_ENABLE_DEBUG_INFO = INCLUDE_SOURCE;
				MTL_FAST_MATH = YES;
				ONLY_ACTIVE_ARCH = YES;
				SDKROOT = iphoneos;
				SWIFT_ACTIVE_COMPILATION_CONDITIONS = DEBUG;
				SWIFT_OPTIMIZATION_LEVEL = "-Onone";
			};
			name = Debug;
		};
		9CCCBE742A0556B40004E7AC /* Release */ = {
			isa = XCBuildConfiguration;
			buildSettings = {
				ALWAYS_SEARCH_USER_PATHS = NO;
				CLANG_ANALYZER_NONNULL = YES;
				CLANG_ANALYZER_NUMBER_OBJECT_CONVERSION = YES_AGGRESSIVE;
				CLANG_CXX_LANGUAGE_STANDARD = "gnu++20";
				CLANG_ENABLE_MODULES = YES;
				CLANG_ENABLE_OBJC_ARC = YES;
				CLANG_ENABLE_OBJC_WEAK = YES;
				CLANG_WARN_BLOCK_CAPTURE_AUTORELEASING = YES;
				CLANG_WARN_BOOL_CONVERSION = YES;
				CLANG_WARN_COMMA = YES;
				CLANG_WARN_CONSTANT_CONVERSION = YES;
				CLANG_WARN_DEPRECATED_OBJC_IMPLEMENTATIONS = YES;
				CLANG_WARN_DIRECT_OBJC_ISA_USAGE = YES_ERROR;
				CLANG_WARN_DOCUMENTATION_COMMENTS = YES;
				CLANG_WARN_EMPTY_BODY = YES;
				CLANG_WARN_ENUM_CONVERSION = YES;
				CLANG_WARN_INFINITE_RECURSION = YES;
				CLANG_WARN_INT_CONVERSION = YES;
				CLANG_WARN_NON_LITERAL_NULL_CONVERSION = YES;
				CLANG_WARN_OBJC_IMPLICIT_RETAIN_SELF = YES;
				CLANG_WARN_OBJC_LITERAL_CONVERSION = YES;
				CLANG_WARN_OBJC_ROOT_CLASS = YES_ERROR;
				CLANG_WARN_QUOTED_INCLUDE_IN_FRAMEWORK_HEADER = YES;
				CLANG_WARN_RANGE_LOOP_ANALYSIS = YES;
				CLANG_WARN_STRICT_PROTOTYPES = YES;
				CLANG_WARN_SUSPICIOUS_MOVE = YES;
				CLANG_WARN_UNGUARDED_AVAILABILITY = YES_AGGRESSIVE;
				CLANG_WARN_UNREACHABLE_CODE = YES;
				CLANG_WARN__DUPLICATE_METHOD_MATCH = YES;
				COPY_PHASE_STRIP = NO;
				DEBUG_INFORMATION_FORMAT = "dwarf-with-dsym";
				ENABLE_NS_ASSERTIONS = NO;
				ENABLE_STRICT_OBJC_MSGSEND = YES;
				GCC_C_LANGUAGE_STANDARD = gnu11;
				GCC_NO_COMMON_BLOCKS = YES;
				GCC_WARN_64_TO_32_BIT_CONVERSION = YES;
				GCC_WARN_ABOUT_RETURN_TYPE = YES_ERROR;
				GCC_WARN_UNDECLARED_SELECTOR = YES;
				GCC_WARN_UNINITIALIZED_AUTOS = YES_AGGRESSIVE;
				GCC_WARN_UNUSED_FUNCTION = YES;
				GCC_WARN_UNUSED_VARIABLE = YES;
				IPHONEOS_DEPLOYMENT_TARGET = 16.4;
				MTL_ENABLE_DEBUG_INFO = NO;
				MTL_FAST_MATH = YES;
				SDKROOT = iphoneos;
				SWIFT_COMPILATION_MODE = wholemodule;
				SWIFT_OPTIMIZATION_LEVEL = "-O";
				VALIDATE_PRODUCT = YES;
			};
			name = Release;
		};
		9CCCBE762A0556B40004E7AC /* Debug */ = {
			isa = XCBuildConfiguration;
			buildSettings = {
				ASSETCATALOG_COMPILER_APPICON_NAME = AppIcon;
				ASSETCATALOG_COMPILER_GLOBAL_ACCENT_COLOR_NAME = AccentColor;
				CODE_SIGN_STYLE = Automatic;
				CURRENT_PROJECT_VERSION = 1;
				DEVELOPMENT_TEAM = TWQBM5NDZK;
				GENERATE_INFOPLIST_FILE = YES;
				INFOPLIST_FILE = GitHubSearcher/Info.plist;
				INFOPLIST_KEY_UIApplicationSupportsIndirectInputEvents = YES;
				INFOPLIST_KEY_UILaunchStoryboardName = LaunchScreen;
				INFOPLIST_KEY_UISupportedInterfaceOrientations = UIInterfaceOrientationPortrait;
				IPHONEOS_DEPLOYMENT_TARGET = 16.0;
				LD_RUNPATH_SEARCH_PATHS = (
					"$(inherited)",
					"@executable_path/Frameworks",
				);
				MARKETING_VERSION = 1.0;
				PRODUCT_BUNDLE_IDENTIFIER = avp.GitHubSearcher;
				PRODUCT_NAME = "$(TARGET_NAME)";
				SUPPORTED_PLATFORMS = "iphoneos iphonesimulator";
				SUPPORTS_MACCATALYST = NO;
				SUPPORTS_MAC_DESIGNED_FOR_IPHONE_IPAD = YES;
				SWIFT_EMIT_LOC_STRINGS = YES;
				SWIFT_VERSION = 5.0;
				TARGETED_DEVICE_FAMILY = 1;
			};
			name = Debug;
		};
		9CCCBE772A0556B40004E7AC /* Release */ = {
			isa = XCBuildConfiguration;
			buildSettings = {
				ASSETCATALOG_COMPILER_APPICON_NAME = AppIcon;
				ASSETCATALOG_COMPILER_GLOBAL_ACCENT_COLOR_NAME = AccentColor;
				CODE_SIGN_STYLE = Automatic;
				CURRENT_PROJECT_VERSION = 1;
				DEVELOPMENT_TEAM = TWQBM5NDZK;
				GENERATE_INFOPLIST_FILE = YES;
				INFOPLIST_FILE = GitHubSearcher/Info.plist;
				INFOPLIST_KEY_UIApplicationSupportsIndirectInputEvents = YES;
				INFOPLIST_KEY_UILaunchStoryboardName = LaunchScreen;
				INFOPLIST_KEY_UISupportedInterfaceOrientations = UIInterfaceOrientationPortrait;
				IPHONEOS_DEPLOYMENT_TARGET = 16.0;
				LD_RUNPATH_SEARCH_PATHS = (
					"$(inherited)",
					"@executable_path/Frameworks",
				);
				MARKETING_VERSION = 1.0;
				PRODUCT_BUNDLE_IDENTIFIER = avp.GitHubSearcher;
				PRODUCT_NAME = "$(TARGET_NAME)";
				SUPPORTED_PLATFORMS = "iphoneos iphonesimulator";
				SUPPORTS_MACCATALYST = NO;
				SUPPORTS_MAC_DESIGNED_FOR_IPHONE_IPAD = YES;
				SWIFT_EMIT_LOC_STRINGS = YES;
				SWIFT_VERSION = 5.0;
				TARGETED_DEVICE_FAMILY = 1;
			};
			name = Release;
		};
/* End XCBuildConfiguration section */

/* Begin XCConfigurationList section */
		9CCCBE592A0556B30004E7AC /* Build configuration list for PBXProject "GitHubSearcher" */ = {
			isa = XCConfigurationList;
			buildConfigurations = (
				9CCCBE732A0556B40004E7AC /* Debug */,
				9CCCBE742A0556B40004E7AC /* Release */,
			);
			defaultConfigurationIsVisible = 0;
			defaultConfigurationName = Release;
		};
		9CCCBE752A0556B40004E7AC /* Build configuration list for PBXNativeTarget "GitHubSearcher" */ = {
			isa = XCConfigurationList;
			buildConfigurations = (
				9CCCBE762A0556B40004E7AC /* Debug */,
				9CCCBE772A0556B40004E7AC /* Release */,
			);
			defaultConfigurationIsVisible = 0;
			defaultConfigurationName = Release;
		};
/* End XCConfigurationList section */

/* Begin XCRemoteSwiftPackageReference section */
		9CCCBE782A055A770004E7AC /* XCRemoteSwiftPackageReference "SnapKit" */ = {
			isa = XCRemoteSwiftPackageReference;
			repositoryURL = "https://github.com/SnapKit/SnapKit.git";
			requirement = {
				kind = upToNextMajorVersion;
				minimumVersion = 5.0.0;
			};
		};
		9CCCBE812A08EF2A0004E7AC /* XCRemoteSwiftPackageReference "Alamofire" */ = {
			isa = XCRemoteSwiftPackageReference;
			repositoryURL = "https://github.com/Alamofire/Alamofire.git";
			requirement = {
				kind = upToNextMajorVersion;
				minimumVersion = 5.0.0;
			};
		};
/* End XCRemoteSwiftPackageReference section */

/* Begin XCSwiftPackageProductDependency section */
		9CCCBE792A055A770004E7AC /* SnapKit */ = {
			isa = XCSwiftPackageProductDependency;
			package = 9CCCBE782A055A770004E7AC /* XCRemoteSwiftPackageReference "SnapKit" */;
			productName = SnapKit;
		};
		9CCCBE822A08EF2A0004E7AC /* Alamofire */ = {
			isa = XCSwiftPackageProductDependency;
			package = 9CCCBE812A08EF2A0004E7AC /* XCRemoteSwiftPackageReference "Alamofire" */;
			productName = Alamofire;
		};
/* End XCSwiftPackageProductDependency section */

/* Begin XCVersionGroup section */
		9CCCBE6A2A0556B30004E7AC /* GitHubSearcher.xcdatamodeld */ = {
			isa = XCVersionGroup;
			children = (
				9CCCBE6B2A0556B30004E7AC /* GitHubSearcher.xcdatamodel */,
			);
			currentVersion = 9CCCBE6B2A0556B30004E7AC /* GitHubSearcher.xcdatamodel */;
			path = GitHubSearcher.xcdatamodeld;
			sourceTree = "<group>";
			versionGroupType = wrapper.xcdatamodel;
		};
/* End XCVersionGroup section */
	};
	rootObject = 9CCCBE562A0556B30004E7AC /* Project object */;
}
